
Microsoft Visual Studio Solution File, Format Version 12.00
# Visual Studio Version 17
VisualStudioVersion = 17.2.32630.192
MinimumVisualStudioVersion = 10.0.40219.1
Project("{9A19103F-16F7-4668-BE54-9A1E7A4F7556}") = "MyBlog.WebAPI", "MyBlog.WebAPI\MyBlog.WebAPI.csproj", "{F808F129-02AA-4107-AA2D-9095A4DB537F}"
EndProject
Project("{9A19103F-16F7-4668-BE54-9A1E7A4F7556}") = "MyBlog.Model", "MyBlog.Model\MyBlog.Model.csproj", "{4C57FC3E-B722-471C-BFA3-537073BAF115}"
EndProject
Project("{2150E333-8FDC-42A3-9474-1A3956D46DE8}") = "Solution Items", "Solution Items", "{A42E8ED6-04BC-4B7B-9F7A-4421AA319E25}"
	ProjectSection(SolutionItems) = preProject
		.editorconfig = .editorconfig
	EndProjectSection
EndProject
Project("{2150E333-8FDC-42A3-9474-1A3956D46DE8}") = "Repository", "Repository", "{8573E3BD-6C76-4E5A-B34B-705755168984}"
EndProject
Project("{2150E333-8FDC-42A3-9474-1A3956D46DE8}") = "Service", "Service", "{3414D15F-32D8-46A5-8787-4F38E276DB35}"
EndProject
Project("{9A19103F-16F7-4668-BE54-9A1E7A4F7556}") = "MyBlog.IRepository", "MyBlog.IRepository\MyBlog.IRepository.csproj", "{F23C740F-308E-4591-BA71-BD165A560B49}"
EndProject
Project("{9A19103F-16F7-4668-BE54-9A1E7A4F7556}") = "MyBlog.Repository", "MyBlog.Repository\MyBlog.Repository.csproj", "{3B34781A-B6C4-423C-9689-84C9CDBC2C4C}"
EndProject
Project("{2150E333-8FDC-42A3-9474-1A3956D46DE8}") = "TEST", "TEST", "{0FCF5AAF-F39A-4A50-87C5-0826BE2300CC}"
EndProject
Project("{9A19103F-16F7-4668-BE54-9A1E7A4F7556}") = "MyBlog.TEST", "MyBlog.TEST\MyBlog.TEST.csproj", "{E724F757-4356-46B2-AF35-A2ADF8492CFA}"
EndProject
Project("{2150E333-8FDC-42A3-9474-1A3956D46DE8}") = "Tools", "Tools", "{F6DF98E1-7F0B-49A8-93DC-1AF4A7F35575}"
EndProject
Project("{9A19103F-16F7-4668-BE54-9A1E7A4F7556}") = "JSON_Configuration", "JSON_Configuration\JSON_Configuration.csproj", "{07FAB061-BCD3-49E2-9A15-7AEFE0076783}"
EndProject
Global
	GlobalSection(SolutionConfigurationPlatforms) = preSolution
		Debug|Any CPU = Debug|Any CPU
		Release|Any CPU = Release|Any CPU
	EndGlobalSection
	GlobalSection(ProjectConfigurationPlatforms) = postSolution
		{F808F129-02AA-4107-AA2D-9095A4DB537F}.Debug|Any CPU.ActiveCfg = Debug|Any CPU
		{F808F129-02AA-4107-AA2D-9095A4DB537F}.Debug|Any CPU.Build.0 = Debug|Any CPU
		{F808F129-02AA-4107-AA2D-9095A4DB537F}.Release|Any CPU.ActiveCfg = Release|Any CPU
		{F808F129-02AA-4107-AA2D-9095A4DB537F}.Release|Any CPU.Build.0 = Release|Any CPU
		{4C57FC3E-B722-471C-BFA3-537073BAF115}.Debug|Any CPU.ActiveCfg = Debug|Any CPU
		{4C57FC3E-B722-471C-BFA3-537073BAF115}.Debug|Any CPU.Build.0 = Debug|Any CPU
		{4C57FC3E-B722-471C-BFA3-537073BAF115}.Release|Any CPU.ActiveCfg = Release|Any CPU
		{4C57FC3E-B722-471C-BFA3-537073BAF115}.Release|Any CPU.Build.0 = Release|Any CPU
		{F23C740F-308E-4591-BA71-BD165A560B49}.Debug|Any CPU.ActiveCfg = Debug|Any CPU
		{F23C740F-308E-4591-BA71-BD165A560B49}.Debug|Any CPU.Build.0 = Debug|Any CPU
		{F23C740F-308E-4591-BA71-BD165A560B49}.Release|Any CPU.ActiveCfg = Release|Any CPU
		{F23C740F-308E-4591-BA71-BD165A560B49}.Release|Any CPU.Build.0 = Release|Any CPU
		{3B34781A-B6C4-423C-9689-84C9CDBC2C4C}.Debug|Any CPU.ActiveCfg = Debug|Any CPU
		{3B34781A-B6C4-423C-9689-84C9CDBC2C4C}.Debug|Any CPU.Build.0 = Debug|Any CPU
		{3B34781A-B6C4-423C-9689-84C9CDBC2C4C}.Release|Any CPU.ActiveCfg = Release|Any CPU
		{3B34781A-B6C4-423C-9689-84C9CDBC2C4C}.Release|Any CPU.Build.0 = Release|Any CPU
		{E724F757-4356-46B2-AF35-A2ADF8492CFA}.Debug|Any CPU.ActiveCfg = Debug|Any CPU
		{E724F757-4356-46B2-AF35-A2ADF8492CFA}.Debug|Any CPU.Build.0 = Debug|Any CPU
		{E724F757-4356-46B2-AF35-A2ADF8492CFA}.Release|Any CPU.ActiveCfg = Release|Any CPU
		{E724F757-4356-46B2-AF35-A2ADF8492CFA}.Release|Any CPU.Build.0 = Release|Any CPU
		{07FAB061-BCD3-49E2-9A15-7AEFE0076783}.Debug|Any CPU.ActiveCfg = Debug|Any CPU
		{07FAB061-BCD3-49E2-9A15-7AEFE0076783}.Debug|Any CPU.Build.0 = Debug|Any CPU
		{07FAB061-BCD3-49E2-9A15-7AEFE0076783}.Release|Any CPU.ActiveCfg = Release|Any CPU
		{07FAB061-BCD3-49E2-9A15-7AEFE0076783}.Release|Any CPU.Build.0 = Release|Any CPU
	EndGlobalSection
	GlobalSection(SolutionProperties) = preSolution
		HideSolutionNode = FALSE
	EndGlobalSection
	GlobalSection(NestedProjects) = preSolution
		{F23C740F-308E-4591-BA71-BD165A560B49} = {8573E3BD-6C76-4E5A-B34B-705755168984}
		{3B34781A-B6C4-423C-9689-84C9CDBC2C4C} = {8573E3BD-6C76-4E5A-B34B-705755168984}
		{E724F757-4356-46B2-AF35-A2ADF8492CFA} = {0FCF5AAF-F39A-4A50-87C5-0826BE2300CC}
		{07FAB061-BCD3-49E2-9A15-7AEFE0076783} = {F6DF98E1-7F0B-49A8-93DC-1AF4A7F35575}
	EndGlobalSection
	GlobalSection(ExtensibilityGlobals) = postSolution
		SolutionGuid = {7C66BD06-E156-476C-9C7E-8FBF5332BD32}
	EndGlobalSection
EndGlobal
